
Microsoft Visual Studio Solution File, Format Version 12.00
# Visual Studio Version 17
VisualStudioVersion = 17.3.32825.248
MinimumVisualStudioVersion = 10.0.40219.1
Project("{FAE04EC0-301F-11D3-BF4B-00C04F79EFBC}") = "SampleSonicSearch.Mvc", "SampleSonicSearch.Mvc\SampleSonicSearch.Mvc.csproj", "{5C5D94BA-1471-4F2A-84B7-716671333E2F}"
EndProject
Project("{E53339B2-1760-4266-BCC7-CA923CBCF16C}") = "docker-compose", "docker-compose.dcproj", "{C698C3A2-FA12-46B4-ABB2-657F7423BA07}"
EndProject
Global
	GlobalSection(SolutionConfigurationPlatforms) = preSolution
		Debug|Any CPU = Debug|Any CPU
		Release|Any CPU = Release|Any CPU
	EndGlobalSection
	GlobalSection(ProjectConfigurationPlatforms) = postSolution
		{5C5D94BA-1471-4F2A-84B7-716671333E2F}.Debug|Any CPU.ActiveCfg = Debug|Any CPU
		{5C5D94BA-1471-4F2A-84B7-716671333E2F}.Debug|Any CPU.Build.0 = Debug|Any CPU
		{5C5D94BA-1471-4F2A-84B7-716671333E2F}.Release|Any CPU.ActiveCfg = Release|Any CPU
		{5C5D94BA-1471-4F2A-84B7-716671333E2F}.Release|Any CPU.Build.0 = Release|Any CPU
		{C698C3A2-FA12-46B4-ABB2-657F7423BA07}.Debug|Any CPU.ActiveCfg = Debug|Any CPU
		{C698C3A2-FA12-46B4-ABB2-657F7423BA07}.Debug|Any CPU.Build.0 = Debug|Any CPU
		{C698C3A2-FA12-46B4-ABB2-657F7423BA07}.Release|Any CPU.ActiveCfg = Release|Any CPU
		{C698C3A2-FA12-46B4-ABB2-657F7423BA07}.Release|Any CPU.Build.0 = Release|Any CPU
	EndGlobalSection
	GlobalSection(SolutionProperties) = preSolution
		HideSolutionNode = FALSE
	EndGlobalSection
	GlobalSection(ExtensibilityGlobals) = postSolution
		SolutionGuid = {D9DF0A17-4628-4155-9F5C-B2F29F5120C2}
	EndGlobalSection
EndGlobal
